# This is a Gradle generated file for dependency locking.
# Manual edits can break the build and are not advised.
# This file is expected to be part of source control.
antlr:antlr:2.7.7=runtimeClasspath,testRuntimeClasspath
ca.gosyer:kotlin-multiplatform-appdirs-jvm:2.0.0=compileClasspath,runtimeClasspath,testCompileClasspath,testRuntimeClasspath
ca.gosyer:kotlin-multiplatform-appdirs:2.0.0=compileClasspath,implementationDependenciesMetadata,runtimeClasspath,testCompileClasspath,testImplementationDependenciesMetadata,testRuntimeClasspath
ch.qos.logback:logback-classic:1.3.15=ktlint
ch.qos.logback:logback-classic:1.5.18=compileClasspath,implementationDependenciesMetadata,runtimeClasspath,testCompileClasspath,testImplementationDependenciesMetadata,testRuntimeClasspath
ch.qos.logback:logback-core:1.3.15=ktlint
ch.qos.logback:logback-core:1.5.18=compileClasspath,implementationDependenciesMetadata,runtimeClasspath,testCompileClasspath,testImplementationDependenciesMetadata,testRuntimeClasspath
co.touchlab:stately-common-jvm:2.1.0=runtimeClasspath,testRuntimeClasspath
co.touchlab:stately-common:2.1.0=implementationDependenciesMetadata,runtimeClasspath,testImplementationDependenciesMetadata,testRuntimeClasspath
co.touchlab:stately-concurrency-jvm:2.1.0=runtimeClasspath,testRuntimeClasspath
co.touchlab:stately-concurrency:2.1.0=implementationDependenciesMetadata,runtimeClasspath,testImplementationDependenciesMetadata,testRuntimeClasspath
co.touchlab:stately-concurrent-collections-jvm:2.1.0=runtimeClasspath,testRuntimeClasspath
co.touchlab:stately-concurrent-collections:2.1.0=implementationDependenciesMetadata,runtimeClasspath,testImplementationDependenciesMetadata,testRuntimeClasspath
co.touchlab:stately-iso-collections-jvm:2.1.0=runtimeClasspath,testRuntimeClasspath
co.touchlab:stately-iso-collections:2.1.0=implementationDependenciesMetadata,runtimeClasspath,testImplementationDependenciesMetadata,testRuntimeClasspath
co.touchlab:stately-isolate-jvm:2.1.0=runtimeClasspath,testRuntimeClasspath
co.touchlab:stately-isolate:2.1.0=implementationDependenciesMetadata,runtimeClasspath,testImplementationDependenciesMetadata,testRuntimeClasspath
co.touchlab:stately-strict-jvm:2.1.0=runtimeClasspath,testRuntimeClasspath
co.touchlab:stately-strict:2.1.0=implementationDependenciesMetadata,runtimeClasspath,testImplementationDependenciesMetadata,testRuntimeClasspath
com.alibaba.fastjson2:fastjson2-kotlin:2.0.53=compileClasspath,implementationDependenciesMetadata,runtimeClasspath,testCompileClasspath,testImplementationDependenciesMetadata,testRuntimeClasspath
com.alibaba.fastjson2:fastjson2:2.0.53=compileClasspath,implementationDependenciesMetadata,runtimeClasspath,testCompileClasspath,testImplementationDependenciesMetadata,testRuntimeClasspath
com.android.tools:r8:4.0.63=compileClasspath,implementationDependenciesMetadata,runtimeClasspath,testCompileClasspath,testImplementationDependenciesMetadata,testRuntimeClasspath
com.cronutils:cron-utils:9.2.1=compileClasspath,implementationDependenciesMetadata,runtimeClasspath,testCompileClasspath,testImplementationDependenciesMetadata,testRuntimeClasspath
com.dorkbox:Collections:2.4=compileClasspath,implementationDependenciesMetadata,runtimeClasspath,testCompileClasspath,testImplementationDependenciesMetadata,testRuntimeClasspath
com.dorkbox:Desktop:1.1=compileClasspath,implementationDependenciesMetadata,runtimeClasspath,testCompileClasspath,testImplementationDependenciesMetadata,testRuntimeClasspath
com.dorkbox:Executor:3.13=compileClasspath,implementationDependenciesMetadata,runtimeClasspath,testCompileClasspath,testImplementationDependenciesMetadata,testRuntimeClasspath
com.dorkbox:JNA:1.2=compileClasspath,implementationDependenciesMetadata,runtimeClasspath,testCompileClasspath,testImplementationDependenciesMetadata,testRuntimeClasspath
com.dorkbox:OS:1.8=compileClasspath,implementationDependenciesMetadata,runtimeClasspath,testCompileClasspath,testImplementationDependenciesMetadata,testRuntimeClasspath
com.dorkbox:SystemTray:4.4=compileClasspath,implementationDependenciesMetadata,runtimeClasspath,testCompileClasspath,testImplementationDependenciesMetadata,testRuntimeClasspath
com.dorkbox:Updates:1.1=compileClasspath,implementationDependenciesMetadata,runtimeClasspath,testCompileClasspath,testImplementationDependenciesMetadata,testRuntimeClasspath
com.dorkbox:Utilities:1.46=compileClasspath,implementationDependenciesMetadata,runtimeClasspath,testCompileClasspath,testImplementationDependenciesMetadata,testRuntimeClasspath
com.expediagroup:graphql-kotlin-automatic-persisted-queries:8.8.1=compileClasspath,implementationDependenciesMetadata,runtimeClasspath,testCompileClasspath,testImplementationDependenciesMetadata,testRuntimeClasspath
com.expediagroup:graphql-kotlin-dataloader-instrumentation:8.8.1=compileClasspath,implementationDependenciesMetadata,runtimeClasspath,testCompileClasspath,testImplementationDependenciesMetadata,testRuntimeClasspath
com.expediagroup:graphql-kotlin-dataloader:8.8.1=compileClasspath,implementationDependenciesMetadata,runtimeClasspath,testCompileClasspath,testImplementationDependenciesMetadata,testRuntimeClasspath
com.expediagroup:graphql-kotlin-schema-generator:8.8.1=compileClasspath,implementationDependenciesMetadata,runtimeClasspath,testCompileClasspath,testImplementationDependenciesMetadata,testRuntimeClasspath
com.expediagroup:graphql-kotlin-server:8.8.1=compileClasspath,implementationDependenciesMetadata,runtimeClasspath,testCompileClasspath,testImplementationDependenciesMetadata,testRuntimeClasspath
com.fasterxml.jackson.core:jackson-annotations:2.18.3=compileClasspath,implementationDependenciesMetadata,runtimeClasspath,testCompileClasspath,testImplementationDependenciesMetadata,testRuntimeClasspath
com.fasterxml.jackson.core:jackson-core:2.18.3=compileClasspath,implementationDependenciesMetadata,runtimeClasspath,testCompileClasspath,testImplementationDependenciesMetadata,testRuntimeClasspath
com.fasterxml.jackson.core:jackson-databind:2.18.3=compileClasspath,implementationDependenciesMetadata,runtimeClasspath,testCompileClasspath,testImplementationDependenciesMetadata,testRuntimeClasspath
com.fasterxml.jackson.module:jackson-module-kotlin:2.18.3=compileClasspath,implementationDependenciesMetadata,runtimeClasspath,testCompileClasspath,testImplementationDependenciesMetadata,testRuntimeClasspath
com.fasterxml.jackson:jackson-bom:2.18.3=compileClasspath,implementationDependenciesMetadata,runtimeClasspath,testCompileClasspath,testImplementationDependenciesMetadata,testRuntimeClasspath
com.fasterxml.uuid:java-uuid-generator:4.2.0=compileClasspath,implementationDependenciesMetadata,runtimeClasspath,testCompileClasspath,testImplementationDependenciesMetadata,testRuntimeClasspath
com.github.Suwayomi:android-jar:1.0.0=runtimeClasspath,testRuntimeClasspath
com.github.Suwayomi:exposed-migrations:3.8.0=compileClasspath,implementationDependenciesMetadata,runtimeClasspath,testCompileClasspath,testImplementationDependenciesMetadata,testRuntimeClasspath
com.github.ThexXTURBOXx.dex2jar:d2j-base-cmd:v64=compileClasspath,implementationDependenciesMetadata,runtimeClasspath,testCompileClasspath,testImplementationDependenciesMetadata,testRuntimeClasspath
com.github.ThexXTURBOXx.dex2jar:d2j-jasmin:v64=runtimeClasspath,testRuntimeClasspath
com.github.ThexXTURBOXx.dex2jar:d2j-smali:v64=runtimeClasspath,testRuntimeClasspath
com.github.ThexXTURBOXx.dex2jar:dex-ir:v64=compileClasspath,implementationDependenciesMetadata,runtimeClasspath,testCompileClasspath,testImplementationDependenciesMetadata,testRuntimeClasspath
com.github.ThexXTURBOXx.dex2jar:dex-reader-api:v64=compileClasspath,implementationDependenciesMetadata,runtimeClasspath,testCompileClasspath,testImplementationDependenciesMetadata,testRuntimeClasspath
com.github.ThexXTURBOXx.dex2jar:dex-reader:v64=compileClasspath,implementationDependenciesMetadata,runtimeClasspath,testCompileClasspath,testImplementationDependenciesMetadata,testRuntimeClasspath
com.github.ThexXTURBOXx.dex2jar:dex-tools:v64=compileClasspath,implementationDependenciesMetadata,runtimeClasspath,testCompileClasspath,testImplementationDependenciesMetadata,testRuntimeClasspath
com.github.ThexXTURBOXx.dex2jar:dex-translator:v64=compileClasspath,implementationDependenciesMetadata,runtimeClasspath,testCompileClasspath,testImplementationDependenciesMetadata,testRuntimeClasspath
com.github.ThexXTURBOXx.dex2jar:dex-writer:v64=runtimeClasspath,testRuntimeClasspath
com.github.ajalt.clikt:clikt-jvm:5.0.3=ktlint
com.github.ajalt.clikt:clikt:5.0.3=ktlint
com.github.gpanther:java-nat-sort:natural-comparator-1.1=compileClasspath,implementationDependenciesMetadata,runtimeClasspath,testCompileClasspath,testImplementationDependenciesMetadata,testRuntimeClasspath
com.github.junrar:junrar:7.5.5=compileClasspath,implementationDependenciesMetadata,runtimeClasspath,testCompileClasspath,testImplementationDependenciesMetadata,testRuntimeClasspath
com.github.null2264:injekt-koin:ee267b2e27=compileClasspath,implementationDependenciesMetadata,runtimeClasspath,testCompileClasspath,testImplementationDependenciesMetadata,testRuntimeClasspath
com.github.usefulness:webp-imageio:0.10.1=runtimeClasspath,testRuntimeClasspath
com.graphql-java:graphql-java-extended-scalars:22.0=compileClasspath,implementationDependenciesMetadata,runtimeClasspath,testCompileClasspath,testImplementationDependenciesMetadata,testRuntimeClasspath
com.graphql-java:graphql-java:22.4=compileClasspath,implementationDependenciesMetadata,runtimeClasspath,testCompileClasspath,testImplementationDependenciesMetadata,testRuntimeClasspath
com.graphql-java:java-dataloader:3.3.0=compileClasspath,implementationDependenciesMetadata,runtimeClasspath,testCompileClasspath,testImplementationDependenciesMetadata,testRuntimeClasspath
com.h2database:h2:1.4.200=compileClasspath,implementationDependenciesMetadata,runtimeClasspath,testCompileClasspath,testImplementationDependenciesMetadata,testRuntimeClasspath
com.ibm.icu:icu4j:77.1=runtimeClasspath,testRuntimeClasspath
com.pinterest.ktlint:ktlint-cli-reporter-baseline:1.6.0=ktlint,ktlintBaselineReporter
com.pinterest.ktlint:ktlint-cli-reporter-checkstyle:1.6.0=ktlint
com.pinterest.ktlint:ktlint-cli-reporter-core:1.6.0=ktlint,ktlintBaselineReporter
com.pinterest.ktlint:ktlint-cli-reporter-format:1.6.0=ktlint
com.pinterest.ktlint:ktlint-cli-reporter-html:1.6.0=ktlint
com.pinterest.ktlint:ktlint-cli-reporter-json:1.6.0=ktlint
com.pinterest.ktlint:ktlint-cli-reporter-plain-summary:1.6.0=ktlint
com.pinterest.ktlint:ktlint-cli-reporter-plain:1.6.0=ktlint
com.pinterest.ktlint:ktlint-cli-reporter-sarif:1.6.0=ktlint
com.pinterest.ktlint:ktlint-cli-ruleset-core:1.6.0=ktlint,ktlintRuleset
com.pinterest.ktlint:ktlint-cli:1.6.0=ktlint
com.pinterest.ktlint:ktlint-logger:1.6.0=ktlint,ktlintBaselineReporter,ktlintRuleset
com.pinterest.ktlint:ktlint-rule-engine-core:1.6.0=ktlint,ktlintBaselineReporter,ktlintRuleset
com.pinterest.ktlint:ktlint-rule-engine:1.6.0=ktlint
com.pinterest.ktlint:ktlint-ruleset-standard:1.6.0=ktlint,ktlintRuleset
com.russhwolf:multiplatform-settings-jvm:1.3.0=runtimeClasspath,testRuntimeClasspath
com.russhwolf:multiplatform-settings-serialization-jvm:1.3.0=runtimeClasspath,testRuntimeClasspath
com.russhwolf:multiplatform-settings:1.3.0=runtimeClasspath,testRuntimeClasspath
com.squareup.okhttp3:logging-interceptor:5.0.0=compileClasspath,implementationDependenciesMetadata,runtimeClasspath,testCompileClasspath,testImplementationDependenciesMetadata,testRuntimeClasspath
com.squareup.okhttp3:okhttp-brotli:5.0.0=compileClasspath,implementationDependenciesMetadata,runtimeClasspath,testCompileClasspath,testImplementationDependenciesMetadata,testRuntimeClasspath
com.squareup.okhttp3:okhttp-dnsoverhttps:5.0.0=compileClasspath,implementationDependenciesMetadata,runtimeClasspath,testCompileClasspath,testImplementationDependenciesMetadata,testRuntimeClasspath
com.squareup.okhttp3:okhttp-jvm:5.0.0=compileClasspath,runtimeClasspath,testCompileClasspath,testRuntimeClasspath
com.squareup.okhttp3:okhttp-sse:4.12.0=runtimeClasspath,testRuntimeClasspath
com.squareup.okhttp3:okhttp:5.0.0=compileClasspath,implementationDependenciesMetadata,runtimeClasspath,testCompileClasspath,testImplementationDependenciesMetadata,testRuntimeClasspath
com.squareup.okio:okio-jvm:3.15.0=compileClasspath,runtimeClasspath,testCompileClasspath,testRuntimeClasspath
com.squareup.okio:okio:3.15.0=compileClasspath,implementationDependenciesMetadata,runtimeClasspath,testCompileClasspath,testImplementationDependenciesMetadata,testRuntimeClasspath
com.twelvemonkeys.common:common-image:3.12.0=runtimeClasspath,testRuntimeClasspath
com.twelvemonkeys.common:common-io:3.12.0=runtimeClasspath,testRuntimeClasspath
com.twelvemonkeys.common:common-lang:3.12.0=runtimeClasspath,testRuntimeClasspath
com.twelvemonkeys.imageio:imageio-core:3.12.0=runtimeClasspath,testRuntimeClasspath
com.twelvemonkeys.imageio:imageio-jpeg:3.12.0=runtimeClasspath,testRuntimeClasspath
com.twelvemonkeys.imageio:imageio-metadata:3.12.0=runtimeClasspath,testRuntimeClasspath
com.twelvemonkeys.imageio:imageio-webp:3.12.0=runtimeClasspath,testRuntimeClasspath
com.typesafe:config:1.4.3=compileClasspath,implementationDependenciesMetadata,runtimeClasspath,testCompileClasspath,testImplementationDependenciesMetadata,testRuntimeClasspath
commons-codec:commons-codec:1.17.1=compileClasspath,implementationDependenciesMetadata,runtimeClasspath,testCompileClasspath,testImplementationDependenciesMetadata,testRuntimeClasspath
commons-io:commons-io:2.16.1=compileClasspath,implementationDependenciesMetadata,runtimeClasspath,testCompileClasspath,testImplementationDependenciesMetadata,testRuntimeClasspath
commons-logging:commons-logging:1.0.4=runtimeClasspath,testRuntimeClasspath
dev.datlag:jcef:2024.04.20.4=compileClasspath,implementationDependenciesMetadata,runtimeClasspath,testCompileClasspath,testImplementationDependenciesMetadata,testRuntimeClasspath
dev.datlag:kcef:2024.04.20.4=compileClasspath,implementationDependenciesMetadata,runtimeClasspath,testCompileClasspath,testImplementationDependenciesMetadata,testRuntimeClasspath
dev.drewhamilton.poko:poko-annotations-jvm:0.18.7=ktlint,ktlintBaselineReporter,ktlintRuleset
dev.drewhamilton.poko:poko-annotations:0.18.7=ktlint,ktlintBaselineReporter,ktlintRuleset
dev.icerock.moko:graphics-jvm:0.10.0=compileClasspath,runtimeClasspath,testCompileClasspath,testRuntimeClasspath
dev.icerock.moko:graphics:0.10.0=compileClasspath,runtimeClasspath,testCompileClasspath,testRuntimeClasspath
dev.icerock.moko:resources-jvm:0.25.0=compileClasspath,runtimeClasspath,testCompileClasspath,testRuntimeClasspath
dev.icerock.moko:resources:0.25.0=compileClasspath,runtimeClasspath,testCompileClasspath,testRuntimeClasspath
io.github.classgraph:classgraph:4.8.174=runtimeClasspath,testRuntimeClasspath
io.github.config4k:config4k:0.7.0=compileClasspath,implementationDependenciesMetadata,runtimeClasspath,testCompileClasspath,testImplementationDependenciesMetadata,testRuntimeClasspath
io.github.detekt.sarif4k:sarif4k-jvm:0.6.0=ktlint,ktlintReporter
io.github.detekt.sarif4k:sarif4k:0.6.0=ktlint,ktlintReporter
io.github.java-diff-utils:java-diff-utils:4.12=kotlinInternalAbiValidation
io.github.oshai:kotlin-logging-jvm:7.0.7=compileClasspath,implementationDependenciesMetadata,ktlint,ktlintBaselineReporter,ktlintReporter,ktlintRuleset,runtimeClasspath,testCompileClasspath,testImplementationDependenciesMetadata,testRuntimeClasspath
io.github.oshai:kotlin-logging:5.1.0=ktlint,ktlintBaselineReporter,ktlintReporter
io.github.pdvrieze.xmlutil:core-jvmcommon:0.91.1=compileClasspath,runtimeClasspath,testCompileClasspath,testRuntimeClasspath
io.github.pdvrieze.xmlutil:core:0.91.1=compileClasspath,implementationDependenciesMetadata,runtimeClasspath,testCompileClasspath,testImplementationDependenciesMetadata,testRuntimeClasspath
io.github.pdvrieze.xmlutil:serialization-jvm:0.91.1=compileClasspath,implementationDependenciesMetadata,runtimeClasspath,testCompileClasspath,testImplementationDependenciesMetadata,testRuntimeClasspath
io.github.reactivecircus.cache4k:cache4k-jvm:0.14.0=compileClasspath,runtimeClasspath,testCompileClasspath,testRuntimeClasspath
io.github.reactivecircus.cache4k:cache4k:0.14.0=compileClasspath,implementationDependenciesMetadata,runtimeClasspath,testCompileClasspath,testImplementationDependenciesMetadata,testRuntimeClasspath
io.insert-koin:koin-core-jvm:4.1.0=compileClasspath,runtimeClasspath,testCompileClasspath,testRuntimeClasspath
io.insert-koin:koin-core:4.1.0=compileClasspath,implementationDependenciesMetadata,runtimeClasspath,testCompileClasspath,testImplementationDependenciesMetadata,testRuntimeClasspath
io.javalin:javalin:6.7.0=compileClasspath,implementationDependenciesMetadata,runtimeClasspath,testCompileClasspath,testImplementationDependenciesMetadata,testRuntimeClasspath
io.ktor:ktor-client-content-negotiation-jvm:3.0.0=runtimeClasspath,testRuntimeClasspath
io.ktor:ktor-client-content-negotiation:3.0.0=runtimeClasspath,testRuntimeClasspath
io.ktor:ktor-client-core-jvm:3.0.0=runtimeClasspath,testRuntimeClasspath
io.ktor:ktor-client-core:3.0.0=runtimeClasspath,testRuntimeClasspath
io.ktor:ktor-client-okhttp-jvm:3.0.0=runtimeClasspath,testRuntimeClasspath
io.ktor:ktor-client-okhttp:3.0.0=runtimeClasspath,testRuntimeClasspath
io.ktor:ktor-events-jvm:3.0.0=runtimeClasspath,testRuntimeClasspath
io.ktor:ktor-events:3.0.0=runtimeClasspath,testRuntimeClasspath
io.ktor:ktor-http-jvm:3.0.0=runtimeClasspath,testRuntimeClasspath
io.ktor:ktor-http:3.0.0=runtimeClasspath,testRuntimeClasspath
io.ktor:ktor-io-jvm:3.0.0=runtimeClasspath,testRuntimeClasspath
io.ktor:ktor-io:3.0.0=runtimeClasspath,testRuntimeClasspath
io.ktor:ktor-serialization-jvm:3.0.0=runtimeClasspath,testRuntimeClasspath
io.ktor:ktor-serialization-kotlinx-json-jvm:3.0.0=runtimeClasspath,testRuntimeClasspath
io.ktor:ktor-serialization-kotlinx-json:3.0.0=runtimeClasspath,testRuntimeClasspath
io.ktor:ktor-serialization-kotlinx-jvm:3.0.0=runtimeClasspath,testRuntimeClasspath
io.ktor:ktor-serialization-kotlinx:3.0.0=runtimeClasspath,testRuntimeClasspath
io.ktor:ktor-serialization:3.0.0=runtimeClasspath,testRuntimeClasspath
io.ktor:ktor-sse-jvm:3.0.0=runtimeClasspath,testRuntimeClasspath
io.ktor:ktor-sse:3.0.0=runtimeClasspath,testRuntimeClasspath
io.ktor:ktor-utils-jvm:3.0.0=runtimeClasspath,testRuntimeClasspath
io.ktor:ktor-utils:3.0.0=runtimeClasspath,testRuntimeClasspath
io.ktor:ktor-websocket-serialization-jvm:3.0.0=runtimeClasspath,testRuntimeClasspath
io.ktor:ktor-websocket-serialization:3.0.0=runtimeClasspath,testRuntimeClasspath
io.ktor:ktor-websockets-jvm:3.0.0=runtimeClasspath,testRuntimeClasspath
io.ktor:ktor-websockets:3.0.0=runtimeClasspath,testRuntimeClasspath
io.mockk:mockk-agent-api-jvm:1.14.4=testCompileClasspath,testRuntimeClasspath
io.mockk:mockk-agent-api:1.14.4=testCompileClasspath,testImplementationDependenciesMetadata,testRuntimeClasspath
io.mockk:mockk-agent-jvm:1.14.4=testCompileClasspath,testRuntimeClasspath
io.mockk:mockk-agent:1.14.4=testCompileClasspath,testImplementationDependenciesMetadata,testRuntimeClasspath
io.mockk:mockk-core-jvm:1.14.4=testCompileClasspath,testRuntimeClasspath
io.mockk:mockk-core:1.14.4=testCompileClasspath,testImplementationDependenciesMetadata,testRuntimeClasspath
io.mockk:mockk-dsl-jvm:1.14.4=testCompileClasspath,testRuntimeClasspath
io.mockk:mockk-dsl:1.14.4=testCompileClasspath,testImplementationDependenciesMetadata,testRuntimeClasspath
io.mockk:mockk-jvm:1.14.4=testCompileClasspath,testRuntimeClasspath
io.mockk:mockk:1.14.4=testCompileClasspath,testImplementationDependenciesMetadata,testRuntimeClasspath
io.reactivex:rxjava:1.3.8=compileClasspath,implementationDependenciesMetadata,runtimeClasspath,testCompileClasspath,testImplementationDependenciesMetadata,testRuntimeClasspath
it.sauronsoftware.cron4j:cron4j:2.2.5=compileClasspath,implementationDependenciesMetadata,runtimeClasspath,testCompileClasspath,testImplementationDependenciesMetadata,testRuntimeClasspath
junit:junit:4.13.2=testRuntimeClasspath
net.bytebuddy:byte-buddy-agent:1.17.5=testCompileClasspath,testRuntimeClasspath
net.bytebuddy:byte-buddy:1.17.5=testCompileClasspath,testRuntimeClasspath
net.dongliu:apk-parser:2.6.10=compileClasspath,implementationDependenciesMetadata,runtimeClasspath,testCompileClasspath,testImplementationDependenciesMetadata,testRuntimeClasspath
net.java.dev.jna:jna-jpms:5.13.0=compileClasspath,implementationDependenciesMetadata,runtimeClasspath,testCompileClasspath,testImplementationDependenciesMetadata,testRuntimeClasspath
net.java.dev.jna:jna-platform-jpms:5.13.0=compileClasspath,implementationDependenciesMetadata,runtimeClasspath,testCompileClasspath,testImplementationDependenciesMetadata,testRuntimeClasspath
net.java.dev.jna:jna-platform:5.17.0=runtimeClasspath,testRuntimeClasspath
net.java.dev.jna:jna:5.17.0=runtimeClasspath,testRuntimeClasspath
net.lingala.zip4j:zip4j:2.11.5=compileClasspath,implementationDependenciesMetadata,runtimeClasspath,testCompileClasspath,testImplementationDependenciesMetadata,testRuntimeClasspath
org.abego.treelayout:org.abego.treelayout.core:1.0.3=runtimeClasspath,testRuntimeClasspath
org.antlr:ST4:4.3.1=runtimeClasspath,testRuntimeClasspath
org.antlr:antlr-runtime:3.5.3=runtimeClasspath,testRuntimeClasspath
org.antlr:antlr4-runtime:4.9.3=runtimeClasspath,testRuntimeClasspath
org.antlr:antlr4:4.9.3=runtimeClasspath,testRuntimeClasspath
org.antlr:antlr:3.5.3=runtimeClasspath,testRuntimeClasspath
org.apache.commons:commons-compress:1.27.1=compileClasspath,implementationDependenciesMetadata,runtimeClasspath,testCompileClasspath,testImplementationDependenciesMetadata,testRuntimeClasspath
org.apache.commons:commons-lang3:3.16.0=compileClasspath,implementationDependenciesMetadata,runtimeClasspath,testCompileClasspath,testImplementationDependenciesMetadata,testRuntimeClasspath
org.apache.xmlgraphics:batik-anim:1.17=runtimeClasspath,testRuntimeClasspath
org.apache.xmlgraphics:batik-awt-util:1.17=runtimeClasspath,testRuntimeClasspath
org.apache.xmlgraphics:batik-bridge:1.17=runtimeClasspath,testRuntimeClasspath
org.apache.xmlgraphics:batik-codec:1.17=runtimeClasspath,testRuntimeClasspath
org.apache.xmlgraphics:batik-constants:1.17=runtimeClasspath,testRuntimeClasspath
org.apache.xmlgraphics:batik-css:1.17=runtimeClasspath,testRuntimeClasspath
org.apache.xmlgraphics:batik-dom:1.17=runtimeClasspath,testRuntimeClasspath
org.apache.xmlgraphics:batik-ext:1.17=runtimeClasspath,testRuntimeClasspath
org.apache.xmlgraphics:batik-gvt:1.17=runtimeClasspath,testRuntimeClasspath
org.apache.xmlgraphics:batik-i18n:1.17=runtimeClasspath,testRuntimeClasspath
org.apache.xmlgraphics:batik-parser:1.17=runtimeClasspath,testRuntimeClasspath
org.apache.xmlgraphics:batik-rasterizer:1.17=runtimeClasspath,testRuntimeClasspath
org.apache.xmlgraphics:batik-script:1.17=runtimeClasspath,testRuntimeClasspath
org.apache.xmlgraphics:batik-shared-resources:1.17=runtimeClasspath,testRuntimeClasspath
org.apache.xmlgraphics:batik-svg-dom:1.17=runtimeClasspath,testRuntimeClasspath
org.apache.xmlgraphics:batik-svggen:1.17=runtimeClasspath,testRuntimeClasspath
org.apache.xmlgraphics:batik-svgrasterizer:1.17=runtimeClasspath,testRuntimeClasspath
org.apache.xmlgraphics:batik-transcoder:1.17=runtimeClasspath,testRuntimeClasspath
org.apache.xmlgraphics:batik-util:1.17=runtimeClasspath,testRuntimeClasspath
org.apache.xmlgraphics:batik-xml:1.17=runtimeClasspath,testRuntimeClasspath
org.apache.xmlgraphics:xmlgraphics-commons:2.9=runtimeClasspath,testRuntimeClasspath
org.apiguardian:apiguardian-api:1.1.2=testCompileClasspath,testImplementationDependenciesMetadata
org.bouncycastle:bcprov-jdk18on:1.81=compileClasspath,implementationDependenciesMetadata,runtimeClasspath,testCompileClasspath,testImplementationDependenciesMetadata,testRuntimeClasspath
org.brotli:dec:0.1.2=compileClasspath,implementationDependenciesMetadata,runtimeClasspath,testCompileClasspath,testImplementationDependenciesMetadata,testRuntimeClasspath
org.ec4j.core:ec4j-core:1.1.1=ktlint,ktlintBaselineReporter,ktlintRuleset
org.eclipse.jetty.toolchain:jetty-jakarta-servlet-api:5.0.2=compileClasspath,implementationDependenciesMetadata,runtimeClasspath,testCompileClasspath,testImplementationDependenciesMetadata,testRuntimeClasspath
org.eclipse.jetty.websocket:websocket-core-common:11.0.25=compileClasspath,implementationDependenciesMetadata,runtimeClasspath,testCompileClasspath,testImplementationDependenciesMetadata,testRuntimeClasspath
org.eclipse.jetty.websocket:websocket-core-server:11.0.25=compileClasspath,implementationDependenciesMetadata,runtimeClasspath,testCompileClasspath,testImplementationDependenciesMetadata,testRuntimeClasspath
org.eclipse.jetty.websocket:websocket-jetty-api:11.0.25=compileClasspath,implementationDependenciesMetadata,runtimeClasspath,testCompileClasspath,testImplementationDependenciesMetadata,testRuntimeClasspath
org.eclipse.jetty.websocket:websocket-jetty-common:11.0.25=compileClasspath,implementationDependenciesMetadata,runtimeClasspath,testCompileClasspath,testImplementationDependenciesMetadata,testRuntimeClasspath
org.eclipse.jetty.websocket:websocket-jetty-server:11.0.25=compileClasspath,implementationDependenciesMetadata,runtimeClasspath,testCompileClasspath,testImplementationDependenciesMetadata,testRuntimeClasspath
org.eclipse.jetty.websocket:websocket-servlet:11.0.25=compileClasspath,implementationDependenciesMetadata,runtimeClasspath,testCompileClasspath,testImplementationDependenciesMetadata,testRuntimeClasspath
org.eclipse.jetty:jetty-http:11.0.25=compileClasspath,implementationDependenciesMetadata,runtimeClasspath,testCompileClasspath,testImplementationDependenciesMetadata,testRuntimeClasspath
org.eclipse.jetty:jetty-io:11.0.25=compileClasspath,implementationDependenciesMetadata,runtimeClasspath,testCompileClasspath,testImplementationDependenciesMetadata,testRuntimeClasspath
org.eclipse.jetty:jetty-security:11.0.25=compileClasspath,implementationDependenciesMetadata,runtimeClasspath,testCompileClasspath,testImplementationDependenciesMetadata,testRuntimeClasspath
org.eclipse.jetty:jetty-server:11.0.25=compileClasspath,implementationDependenciesMetadata,runtimeClasspath,testCompileClasspath,testImplementationDependenciesMetadata,testRuntimeClasspath
org.eclipse.jetty:jetty-servlet:11.0.25=compileClasspath,implementationDependenciesMetadata,runtimeClasspath,testCompileClasspath,testImplementationDependenciesMetadata,testRuntimeClasspath
org.eclipse.jetty:jetty-util:11.0.25=compileClasspath,implementationDependenciesMetadata,runtimeClasspath,testCompileClasspath,testImplementationDependenciesMetadata,testRuntimeClasspath
org.eclipse.jetty:jetty-webapp:11.0.25=compileClasspath,implementationDependenciesMetadata,runtimeClasspath,testCompileClasspath,testImplementationDependenciesMetadata,testRuntimeClasspath
org.eclipse.jetty:jetty-xml:11.0.25=compileClasspath,implementationDependenciesMetadata,runtimeClasspath,testCompileClasspath,testImplementationDependenciesMetadata,testRuntimeClasspath
org.glassfish:javax.json:1.0.4=runtimeClasspath,testRuntimeClasspath
org.graalvm.js:js-community:24.2.1=runtimeClasspath,testRuntimeClasspath
org.graalvm.js:js-language:24.2.1=runtimeClasspath,testRuntimeClasspath
org.graalvm.polyglot:js-community:24.2.1=runtimeClasspath,testRuntimeClasspath
org.graalvm.polyglot:polyglot:24.2.1=runtimeClasspath,testRuntimeClasspath
org.graalvm.regex:regex:24.2.1=runtimeClasspath,testRuntimeClasspath
org.graalvm.sdk:collections:24.2.1=runtimeClasspath,testRuntimeClasspath
org.graalvm.sdk:jniutils:24.2.1=runtimeClasspath,testRuntimeClasspath
org.graalvm.sdk:nativeimage:24.2.1=runtimeClasspath,testRuntimeClasspath
org.graalvm.sdk:word:24.2.1=runtimeClasspath,testRuntimeClasspath
org.graalvm.shadowed:icu4j:24.2.1=runtimeClasspath,testRuntimeClasspath
org.graalvm.shadowed:xz:24.2.1=runtimeClasspath,testRuntimeClasspath
org.graalvm.truffle:truffle-api:24.2.1=runtimeClasspath,testRuntimeClasspath
org.graalvm.truffle:truffle-compiler:24.2.1=runtimeClasspath,testRuntimeClasspath
org.graalvm.truffle:truffle-runtime:24.2.1=runtimeClasspath,testRuntimeClasspath
org.hamcrest:hamcrest-core:1.3=testRuntimeClasspath
org.javassist:javassist:3.29.2-GA=compileClasspath,implementationDependenciesMetadata,runtimeClasspath,testCompileClasspath,testImplementationDependenciesMetadata,testRuntimeClasspath
org.jetbrains.exposed:exposed-core:0.61.0=compileClasspath,implementationDependenciesMetadata,runtimeClasspath,testCompileClasspath,testImplementationDependenciesMetadata,testRuntimeClasspath
org.jetbrains.exposed:exposed-dao:0.61.0=compileClasspath,implementationDependenciesMetadata,runtimeClasspath,testCompileClasspath,testImplementationDependenciesMetadata,testRuntimeClasspath
org.jetbrains.exposed:exposed-java-time:0.61.0=compileClasspath,implementationDependenciesMetadata,runtimeClasspath,testCompileClasspath,testImplementationDependenciesMetadata,testRuntimeClasspath
org.jetbrains.exposed:exposed-jdbc:0.61.0=compileClasspath,implementationDependenciesMetadata,runtimeClasspath,testCompileClasspath,testImplementationDependenciesMetadata,testRuntimeClasspath
org.jetbrains.intellij.deps:trove4j:1.0.20200330=ktlint,ktlintBaselineReporter,ktlintRuleset
org.jetbrains.kotlin:abi-tools-api:2.2.0=kotlinInternalAbiValidation
org.jetbrains.kotlin:abi-tools:2.2.0=kotlinInternalAbiValidation
org.jetbrains.kotlin:kotlin-build-tools-api:2.2.0=kotlinBuildToolsApiClasspath
org.jetbrains.kotlin:kotlin-build-tools-impl:2.2.0=kotlinBuildToolsApiClasspath
org.jetbrains.kotlin:kotlin-compiler-embeddable:2.1.21=ktlint,ktlintBaselineReporter,ktlintRuleset
org.jetbrains.kotlin:kotlin-compiler-embeddable:2.2.0=kotlinBuildToolsApiClasspath,kotlinCompilerClasspath,kotlinInternalAbiValidation,kotlinKlibCommonizerClasspath
org.jetbrains.kotlin:kotlin-compiler-runner:2.2.0=kotlinBuildToolsApiClasspath
org.jetbrains.kotlin:kotlin-daemon-client:2.2.0=kotlinBuildToolsApiClasspath
org.jetbrains.kotlin:kotlin-daemon-embeddable:2.1.21=ktlint,ktlintBaselineReporter,ktlintRuleset
org.jetbrains.kotlin:kotlin-daemon-embeddable:2.2.0=kotlinBuildToolsApiClasspath,kotlinCompilerClasspath,kotlinInternalAbiValidation,kotlinKlibCommonizerClasspath
org.jetbrains.kotlin:kotlin-klib-commonizer-embeddable:2.2.0=kotlinKlibCommonizerClasspath
org.jetbrains.kotlin:kotlin-metadata-jvm:2.2.0=kotlinInternalAbiValidation
org.jetbrains.kotlin:kotlin-reflect:1.6.10=kotlinBuildToolsApiClasspath,kotlinCompilerClasspath,kotlinInternalAbiValidation,kotlinKlibCommonizerClasspath,ktlint,ktlintBaselineReporter,ktlintRuleset
org.jetbrains.kotlin:kotlin-reflect:2.2.0=compileClasspath,implementationDependenciesMetadata,runtimeClasspath,testCompileClasspath,testImplementationDependenciesMetadata,testRuntimeClasspath
org.jetbrains.kotlin:kotlin-script-runtime:2.1.21=ktlint,ktlintBaselineReporter,ktlintRuleset
org.jetbrains.kotlin:kotlin-script-runtime:2.2.0=compileClasspath,implementationDependenciesMetadata,kotlinBuildToolsApiClasspath,kotlinCompilerClasspath,kotlinCompilerPluginClasspathMain,kotlinCompilerPluginClasspathTest,kotlinInternalAbiValidation,kotlinKlibCommonizerClasspath,runtimeClasspath,testCompileClasspath,testImplementationDependenciesMetadata,testRuntimeClasspath
org.jetbrains.kotlin:kotlin-scripting-common:2.2.0=kotlinBuildToolsApiClasspath,kotlinCompilerPluginClasspathMain,kotlinCompilerPluginClasspathTest
org.jetbrains.kotlin:kotlin-scripting-compiler-embeddable:2.2.0=kotlinBuildToolsApiClasspath,kotlinCompilerPluginClasspathMain,kotlinCompilerPluginClasspathTest
org.jetbrains.kotlin:kotlin-scripting-compiler-impl-embeddable:2.2.0=kotlinBuildToolsApiClasspath,kotlinCompilerPluginClasspathMain,kotlinCompilerPluginClasspathTest
org.jetbrains.kotlin:kotlin-scripting-jvm:2.2.0=kotlinBuildToolsApiClasspath,kotlinCompilerPluginClasspathMain,kotlinCompilerPluginClasspathTest
org.jetbrains.kotlin:kotlin-serialization-compiler-plugin-embeddable:2.2.0=kotlinCompilerPluginClasspathMain,kotlinCompilerPluginClasspathTest
org.jetbrains.kotlin:kotlin-stdlib-common:2.1.21=ktlintReporter
org.jetbrains.kotlin:kotlin-stdlib-jdk7:1.8.0=ktlintReporter
org.jetbrains.kotlin:kotlin-stdlib-jdk7:2.2.0=compileClasspath,implementationDependenciesMetadata,runtimeClasspath,testCompileClasspath,testImplementationDependenciesMetadata,testRuntimeClasspath
org.jetbrains.kotlin:kotlin-stdlib-jdk8:1.8.0=ktlintReporter
org.jetbrains.kotlin:kotlin-stdlib-jdk8:2.2.0=compileClasspath,implementationDependenciesMetadata,runtimeClasspath,testCompileClasspath,testImplementationDependenciesMetadata,testRuntimeClasspath
org.jetbrains.kotlin:kotlin-stdlib:2.1.21=ktlint,ktlintBaselineReporter,ktlintReporter,ktlintRuleset
org.jetbrains.kotlin:kotlin-stdlib:2.2.0=compileClasspath,implementationDependenciesMetadata,kotlinBuildToolsApiClasspath,kotlinCompilerClasspath,kotlinCompilerPluginClasspathMain,kotlinCompilerPluginClasspathTest,kotlinInternalAbiValidation,kotlinKlibCommonizerClasspath,runtimeClasspath,testCompileClasspath,testImplementationDependenciesMetadata,testRuntimeClasspath
org.jetbrains.kotlin:kotlin-test-junit5:2.2.0=testCompileClasspath,testImplementationDependenciesMetadata,testRuntimeClasspath
org.jetbrains.kotlin:kotlin-test:2.2.0=testCompileClasspath,testImplementationDependenciesMetadata,testRuntimeClasspath
org.jetbrains.kotlinx:atomicfu-jvm:0.27.0=runtimeClasspath,testRuntimeClasspath
org.jetbrains.kotlinx:atomicfu:0.27.0=implementationDependenciesMetadata,runtimeClasspath,testImplementationDependenciesMetadata,testRuntimeClasspath
org.jetbrains.kotlinx:kotlinx-coroutines-bom:1.10.2=compileClasspath,implementationDependenciesMetadata,runtimeClasspath,testCompileClasspath,testImplementationDependenciesMetadata,testRuntimeClasspath
org.jetbrains.kotlinx:kotlinx-coroutines-core-jvm:1.10.2=compileClasspath,runtimeClasspath,testCompileClasspath,testRuntimeClasspath
org.jetbrains.kotlinx:kotlinx-coroutines-core-jvm:1.8.0=kotlinBuildToolsApiClasspath,kotlinCompilerClasspath,kotlinInternalAbiValidation,kotlinKlibCommonizerClasspath,ktlint,ktlintBaselineReporter,ktlintRuleset
org.jetbrains.kotlinx:kotlinx-coroutines-core:1.10.2=compileClasspath,implementationDependenciesMetadata,runtimeClasspath,testCompileClasspath,testImplementationDependenciesMetadata,testRuntimeClasspath
org.jetbrains.kotlinx:kotlinx-coroutines-jdk8:1.10.2=compileClasspath,implementationDependenciesMetadata,runtimeClasspath,testCompileClasspath,testImplementationDependenciesMetadata,testRuntimeClasspath
org.jetbrains.kotlinx:kotlinx-coroutines-reactive:1.10.2=compileClasspath,implementationDependenciesMetadata,runtimeClasspath,testCompileClasspath,testImplementationDependenciesMetadata,testRuntimeClasspath
org.jetbrains.kotlinx:kotlinx-coroutines-slf4j:1.10.2=runtimeClasspath,testRuntimeClasspath
org.jetbrains.kotlinx:kotlinx-coroutines-test-jvm:1.10.2=testCompileClasspath,testRuntimeClasspath
org.jetbrains.kotlinx:kotlinx-coroutines-test:1.10.2=testCompileClasspath,testImplementationDependenciesMetadata,testRuntimeClasspath
org.jetbrains.kotlinx:kotlinx-io-bytestring-jvm:0.6.0=runtimeClasspath,testRuntimeClasspath
org.jetbrains.kotlinx:kotlinx-io-bytestring:0.6.0=runtimeClasspath,testRuntimeClasspath
org.jetbrains.kotlinx:kotlinx-io-core-jvm:0.6.0=runtimeClasspath,testRuntimeClasspath
org.jetbrains.kotlinx:kotlinx-io-core:0.6.0=runtimeClasspath,testRuntimeClasspath
org.jetbrains.kotlinx:kotlinx-serialization-bom:1.9.0=compileClasspath,runtimeClasspath,testCompileClasspath,testRuntimeClasspath
org.jetbrains.kotlinx:kotlinx-serialization-core-jvm:1.4.1=ktlintReporter
org.jetbrains.kotlinx:kotlinx-serialization-core-jvm:1.9.0=compileClasspath,runtimeClasspath,testCompileClasspath,testRuntimeClasspath
org.jetbrains.kotlinx:kotlinx-serialization-core:1.4.1=ktlintReporter
org.jetbrains.kotlinx:kotlinx-serialization-core:1.9.0=compileClasspath,implementationDependenciesMetadata,runtimeClasspath,testCompileClasspath,testImplementationDependenciesMetadata,testRuntimeClasspath
org.jetbrains.kotlinx:kotlinx-serialization-json-io-jvm:1.9.0=runtimeClasspath,testRuntimeClasspath
org.jetbrains.kotlinx:kotlinx-serialization-json-io:1.9.0=runtimeClasspath,testRuntimeClasspath
org.jetbrains.kotlinx:kotlinx-serialization-json-jvm:1.4.1=ktlintReporter
org.jetbrains.kotlinx:kotlinx-serialization-json-jvm:1.9.0=compileClasspath,runtimeClasspath,testCompileClasspath,testRuntimeClasspath
org.jetbrains.kotlinx:kotlinx-serialization-json-okio-jvm:1.9.0=compileClasspath,runtimeClasspath,testCompileClasspath,testRuntimeClasspath
org.jetbrains.kotlinx:kotlinx-serialization-json-okio:1.9.0=compileClasspath,implementationDependenciesMetadata,runtimeClasspath,testCompileClasspath,testImplementationDependenciesMetadata,testRuntimeClasspath
org.jetbrains.kotlinx:kotlinx-serialization-json:1.4.1=ktlintReporter
org.jetbrains.kotlinx:kotlinx-serialization-json:1.9.0=compileClasspath,implementationDependenciesMetadata,runtimeClasspath,testCompileClasspath,testImplementationDependenciesMetadata,testRuntimeClasspath
org.jetbrains.kotlinx:kotlinx-serialization-protobuf-jvm:1.9.0=compileClasspath,runtimeClasspath,testCompileClasspath,testRuntimeClasspath
org.jetbrains.kotlinx:kotlinx-serialization-protobuf:1.9.0=compileClasspath,implementationDependenciesMetadata,runtimeClasspath,testCompileClasspath,testImplementationDependenciesMetadata,testRuntimeClasspath
org.jetbrains:annotations:13.0=kotlinBuildToolsApiClasspath,kotlinCompilerClasspath,kotlinCompilerPluginClasspathMain,kotlinCompilerPluginClasspathTest,kotlinInternalAbiValidation,kotlinKlibCommonizerClasspath,ktlint,ktlintBaselineReporter,ktlintReporter,ktlintRuleset
org.jetbrains:annotations:23.0.0=compileClasspath,runtimeClasspath,testCompileClasspath,testRuntimeClasspath
org.jogamp.gluegen:gluegen-rt:2.5.0=runtimeClasspath,testRuntimeClasspath
org.jogamp.jogl:jogl-all:2.5.0=runtimeClasspath,testRuntimeClasspath
org.jsoup:jsoup:1.21.1=compileClasspath,implementationDependenciesMetadata,runtimeClasspath,testCompileClasspath,testImplementationDependenciesMetadata,testRuntimeClasspath
org.junit.jupiter:junit-jupiter-api:5.10.1=testCompileClasspath,testImplementationDependenciesMetadata
org.junit.jupiter:junit-jupiter-api:5.12.2=testRuntimeClasspath
org.junit.jupiter:junit-jupiter-engine:5.12.2=testRuntimeClasspath
org.junit.jupiter:junit-jupiter-params:5.12.2=testRuntimeClasspath
org.junit.jupiter:junit-jupiter:5.12.2=testRuntimeClasspath
org.junit.platform:junit-platform-commons:1.10.1=testCompileClasspath,testImplementationDependenciesMetadata
org.junit.platform:junit-platform-commons:1.12.2=testRuntimeClasspath
org.junit.platform:junit-platform-engine:1.12.2=testRuntimeClasspath
org.junit.platform:junit-platform-launcher:1.12.2=testRuntimeClasspath
org.junit:junit-bom:5.10.1=testCompileClasspath,testImplementationDependenciesMetadata
org.junit:junit-bom:5.12.2=testRuntimeClasspath
org.objenesis:objenesis:3.3=testCompileClasspath,testRuntimeClasspath
org.opentest4j:opentest4j:1.3.0=testCompileClasspath,testImplementationDependenciesMetadata,testRuntimeClasspath
org.ow2.asm:asm-analysis:9.5=compileClasspath,implementationDependenciesMetadata,runtimeClasspath,testCompileClasspath,testImplementationDependenciesMetadata,testRuntimeClasspath
org.ow2.asm:asm-commons:9.5=compileClasspath,implementationDependenciesMetadata,runtimeClasspath,testCompileClasspath,testImplementationDependenciesMetadata,testRuntimeClasspath
org.ow2.asm:asm-tree:9.5=compileClasspath,implementationDependenciesMetadata,runtimeClasspath,testCompileClasspath,testImplementationDependenciesMetadata,testRuntimeClasspath
org.ow2.asm:asm-util:9.5=compileClasspath,implementationDependenciesMetadata,runtimeClasspath,testCompileClasspath,testImplementationDependenciesMetadata,testRuntimeClasspath
org.ow2.asm:asm:9.5=compileClasspath,implementationDependenciesMetadata,runtimeClasspath,testCompileClasspath,testImplementationDependenciesMetadata,testRuntimeClasspath
org.reactivestreams:reactive-streams:1.0.3=compileClasspath,implementationDependenciesMetadata,runtimeClasspath,testCompileClasspath,testImplementationDependenciesMetadata,testRuntimeClasspath
org.slf4j:slf4j-api:2.0.17=compileClasspath,implementationDependenciesMetadata,runtimeClasspath,testCompileClasspath,testImplementationDependenciesMetadata,testRuntimeClasspath
org.slf4j:slf4j-api:2.0.7=ktlint
xml-apis:xml-apis-ext:1.3.04=runtimeClasspath,testRuntimeClasspath
xml-apis:xml-apis:1.4.01=runtimeClasspath,testRuntimeClasspath
empty=annotationProcessor,apiDependenciesMetadata,compileOnlyDependenciesMetadata,intransitiveDependenciesMetadata,kotlinCompilerPluginClasspath,kotlinNativeCompilerPluginClasspath,kotlinScriptDefExtensions,shadow,testAnnotationProcessor,testApiDependenciesMetadata,testCompileOnlyDependenciesMetadata,testIntransitiveDependenciesMetadata,testKotlinScriptDefExtensions
